
Microsoft Visual Studio Solution File, Format Version 12.00
# Visual Studio 2012
Project("{FAE04EC0-301F-11D3-BF4B-00C04F79EFBC}") = "AWSMonitor", "AWSmonitor\AWSMonitor.csproj", "{398F5386-2EE1-493E-861F-64D5EFD5902F}"
EndProject
Project("{FAE04EC0-301F-11D3-BF4B-00C04F79EFBC}") = "AwsGateway", "AwsGateway\AwsGateway.csproj", "{9CEDDB4D-C289-412D-96FB-49E508B0081B}"
EndProject
Global
	GlobalSection(SolutionConfigurationPlatforms) = preSolution
		Debug|Any CPU = Debug|Any CPU
		Debug|Mixed Platforms = Debug|Mixed Platforms
		Debug|x86 = Debug|x86
		Release|Any CPU = Release|Any CPU
		Release|Mixed Platforms = Release|Mixed Platforms
		Release|x86 = Release|x86
	EndGlobalSection
	GlobalSection(ProjectConfigurationPlatforms) = postSolution
		{398F5386-2EE1-493E-861F-64D5EFD5902F}.Debug|Any CPU.ActiveCfg = Debug|x86
		{398F5386-2EE1-493E-861F-64D5EFD5902F}.Debug|Mixed Platforms.ActiveCfg = Debug|x86
		{398F5386-2EE1-493E-861F-64D5EFD5902F}.Debug|Mixed Platforms.Build.0 = Debug|x86
		{398F5386-2EE1-493E-861F-64D5EFD5902F}.Debug|x86.ActiveCfg = Debug|x86
		{398F5386-2EE1-493E-861F-64D5EFD5902F}.Debug|x86.Build.0 = Debug|x86
		{398F5386-2EE1-493E-861F-64D5EFD5902F}.Release|Any CPU.ActiveCfg = Release|x86
		{398F5386-2EE1-493E-861F-64D5EFD5902F}.Release|Mixed Platforms.ActiveCfg = Release|x86
		{398F5386-2EE1-493E-861F-64D5EFD5902F}.Release|Mixed Platforms.Build.0 = Release|x86
		{398F5386-2EE1-493E-861F-64D5EFD5902F}.Release|x86.ActiveCfg = Release|x86
		{398F5386-2EE1-493E-861F-64D5EFD5902F}.Release|x86.Build.0 = Release|x86
		{9CEDDB4D-C289-412D-96FB-49E508B0081B}.Debug|Any CPU.ActiveCfg = Debug|Any CPU
		{9CEDDB4D-C289-412D-96FB-49E508B0081B}.Debug|Any CPU.Build.0 = Debug|Any CPU
		{9CEDDB4D-C289-412D-96FB-49E508B0081B}.Debug|Mixed Platforms.ActiveCfg = Debug|Any CPU
		{9CEDDB4D-C289-412D-96FB-49E508B0081B}.Debug|Mixed Platforms.Build.0 = Debug|Any CPU
		{9CEDDB4D-C289-412D-96FB-49E508B0081B}.Debug|x86.ActiveCfg = Debug|Any CPU
		{9CEDDB4D-C289-412D-96FB-49E508B0081B}.Release|Any CPU.ActiveCfg = Release|Any CPU
		{9CEDDB4D-C289-412D-96FB-49E508B0081B}.Release|Any CPU.Build.0 = Release|Any CPU
		{9CEDDB4D-C289-412D-96FB-49E508B0081B}.Release|Mixed Platforms.ActiveCfg = Release|Any CPU
		{9CEDDB4D-C289-412D-96FB-49E508B0081B}.Release|Mixed Platforms.Build.0 = Release|Any CPU
		{9CEDDB4D-C289-412D-96FB-49E508B0081B}.Release|x86.ActiveCfg = Release|Any CPU
	EndGlobalSection
	GlobalSection(SolutionProperties) = preSolution
		HideSolutionNode = FALSE
	EndGlobalSection
EndGlobal
